
Microsoft Visual Studio Solution File, Format Version 12.00
# Visual Studio Version 16
VisualStudioVersion = 16.0.30621.155
MinimumVisualStudioVersion = 10.0.40219.1
Project("{FAE04EC0-301F-11D3-BF4B-00C04F79EFBC}") = "BookStoreAssignment5", "BookStoreAssignment5.csproj", "{1A9F6E9D-1E95-4C4F-9F67-C3ED4FA98524}"
EndProject
Global
	GlobalSection(SolutionConfigurationPlatforms) = preSolution
		Debug|Any CPU = Debug|Any CPU
		Release|Any CPU = Release|Any CPU
	EndGlobalSection
	GlobalSection(ProjectConfigurationPlatforms) = postSolution
		{1A9F6E9D-1E95-4C4F-9F67-C3ED4FA98524}.Debug|Any CPU.ActiveCfg = Debug|Any CPU
		{1A9F6E9D-1E95-4C4F-9F67-C3ED4FA98524}.Debug|Any CPU.Build.0 = Debug|Any CPU
		{1A9F6E9D-1E95-4C4F-9F67-C3ED4FA98524}.Release|Any CPU.ActiveCfg = Release|Any CPU
		{1A9F6E9D-1E95-4C4F-9F67-C3ED4FA98524}.Release|Any CPU.Build.0 = Release|Any CPU
	EndGlobalSection
	GlobalSection(SolutionProperties) = preSolution
		HideSolutionNode = FALSE
	EndGlobalSection
	GlobalSection(ExtensibilityGlobals) = postSolution
		SolutionGuid = {CEC8A4C8-E682-4BD4-9043-756BFB91D4BE}
	EndGlobalSection
EndGlobal
